// !$*UTF8*$!
{
	archiveVersion = 1;
	classes = {
	};
	objectVersion = 51;
	objects = {

/* Begin PBXBuildFile section */
		9428A624CA3F790C82F2C498 /* Pods_transcribeMe.framework in Frameworks */ = {isa = PBXBuildFile; fileRef = 05B24D78A10D440D7E4ABEE5 /* Pods_transcribeMe.framework */; };
		B00E682E25C44FA2009177AF /* PlayButton.swift in Sources */ = {isa = PBXBuildFile; fileRef = B00E682D25C44FA2009177AF /* PlayButton.swift */; };
		B00E683225C456DE009177AF /* LoadingView.swift in Sources */ = {isa = PBXBuildFile; fileRef = B00E683125C456DE009177AF /* LoadingView.swift */; };
		B00E683625C45A3B009177AF /* AlertItem.swift in Sources */ = {isa = PBXBuildFile; fileRef = B00E683525C45A3B009177AF /* AlertItem.swift */; };
		B00E683925C45CE8009177AF /* AlertContext.swift in Sources */ = {isa = PBXBuildFile; fileRef = B00E683825C45CE8009177AF /* AlertContext.swift */; };
		B014A42025C2CA6400018D6F /* Transcription.swift in Sources */ = {isa = PBXBuildFile; fileRef = B014A41F25C2CA6400018D6F /* Transcription.swift */; };
		B014A43025C2DB1300018D6F /* TranscribedTextView.swift in Sources */ = {isa = PBXBuildFile; fileRef = B014A42F25C2DB1300018D6F /* TranscribedTextView.swift */; };
		B014A43325C2DBB300018D6F /* TranscribeViewModel.swift in Sources */ = {isa = PBXBuildFile; fileRef = B014A43225C2DBB300018D6F /* TranscribeViewModel.swift */; };
		B014A43625C2DE3D00018D6F /* RecordButton.swift in Sources */ = {isa = PBXBuildFile; fileRef = B014A43525C2DE3D00018D6F /* RecordButton.swift */; };
		B069AA0025C23877006E87E6 /* transcribeMeApp.swift in Sources */ = {isa = PBXBuildFile; fileRef = B069A9FF25C23877006E87E6 /* transcribeMeApp.swift */; };
		B069AA0225C23877006E87E6 /* TranscribeSpeechView.swift in Sources */ = {isa = PBXBuildFile; fileRef = B069AA0125C23877006E87E6 /* TranscribeSpeechView.swift */; };
		B069AA0425C23877006E87E6 /* Assets.xcassets in Resources */ = {isa = PBXBuildFile; fileRef = B069AA0325C23877006E87E6 /* Assets.xcassets */; };
		B069AA0725C23877006E87E6 /* Preview Assets.xcassets in Resources */ = {isa = PBXBuildFile; fileRef = B069AA0625C23877006E87E6 /* Preview Assets.xcassets */; };
		B069AA1125C245BE006E87E6 /* Constants.swift in Sources */ = {isa = PBXBuildFile; fileRef = B069AA1025C245BE006E87E6 /* Constants.swift */; };
		B08B255125C3A4610062C914 /* GoogleService-Info.plist in Resources */ = {isa = PBXBuildFile; fileRef = B08B255025C3A4600062C914 /* GoogleService-Info.plist */; };
		B09182E225C2F7230040F55B /* NetworkManager.swift in Sources */ = {isa = PBXBuildFile; fileRef = B09182E125C2F7230040F55B /* NetworkManager.swift */; };
		B0D7166825C39932005987BF /* Alamofire.framework in Frameworks */ = {isa = PBXBuildFile; fileRef = B0D7166725C39932005987BF /* Alamofire.framework */; };
/* End PBXBuildFile section */

/* Begin PBXFileReference section */
		05B24D78A10D440D7E4ABEE5 /* Pods_transcribeMe.framework */ = {isa = PBXFileReference; explicitFileType = wrapper.framework; includeInIndex = 0; path = Pods_transcribeMe.framework; sourceTree = BUILT_PRODUCTS_DIR; };
		74B9AC54D307305EEC94B9CD /* Pods-transcribeMe.release.xcconfig */ = {isa = PBXFileReference; includeInIndex = 1; lastKnownFileType = text.xcconfig; name = "Pods-transcribeMe.release.xcconfig"; path = "Target Support Files/Pods-transcribeMe/Pods-transcribeMe.release.xcconfig"; sourceTree = "<group>"; };
		A20280B46A425E34F7C31D9F /* Pods-transcribeMe.debug.xcconfig */ = {isa = PBXFileReference; includeInIndex = 1; lastKnownFileType = text.xcconfig; name = "Pods-transcribeMe.debug.xcconfig"; path = "Target Support Files/Pods-transcribeMe/Pods-transcribeMe.debug.xcconfig"; sourceTree = "<group>"; };
		B00E682D25C44FA2009177AF /* PlayButton.swift */ = {isa = PBXFileReference; lastKnownFileType = sourcecode.swift; path = PlayButton.swift; sourceTree = "<group>"; };
		B00E683125C456DE009177AF /* LoadingView.swift */ = {isa = PBXFileReference; lastKnownFileType = sourcecode.swift; path = LoadingView.swift; sourceTree = "<group>"; };
		B00E683525C45A3B009177AF /* AlertItem.swift */ = {isa = PBXFileReference; lastKnownFileType = sourcecode.swift; path = AlertItem.swift; sourceTree = "<group>"; };
		B00E683825C45CE8009177AF /* AlertContext.swift */ = {isa = PBXFileReference; lastKnownFileType = sourcecode.swift; path = AlertContext.swift; sourceTree = "<group>"; };
		B014A41F25C2CA6400018D6F /* Transcription.swift */ = {isa = PBXFileReference; lastKnownFileType = sourcecode.swift; path = Transcription.swift; sourceTree = "<group>"; };
		B014A42F25C2DB1300018D6F /* TranscribedTextView.swift */ = {isa = PBXFileReference; lastKnownFileType = sourcecode.swift; path = TranscribedTextView.swift; sourceTree = "<group>"; };
		B014A43225C2DBB300018D6F /* TranscribeViewModel.swift */ = {isa = PBXFileReference; lastKnownFileType = sourcecode.swift; path = TranscribeViewModel.swift; sourceTree = "<group>"; };
		B014A43525C2DE3D00018D6F /* RecordButton.swift */ = {isa = PBXFileReference; lastKnownFileType = sourcecode.swift; path = RecordButton.swift; sourceTree = "<group>"; };
		B069A9FC25C23877006E87E6 /* transcribeMe.app */ = {isa = PBXFileReference; explicitFileType = wrapper.application; includeInIndex = 0; path = transcribeMe.app; sourceTree = BUILT_PRODUCTS_DIR; };
		B069A9FF25C23877006E87E6 /* transcribeMeApp.swift */ = {isa = PBXFileReference; lastKnownFileType = sourcecode.swift; path = transcribeMeApp.swift; sourceTree = "<group>"; };
		B069AA0125C23877006E87E6 /* TranscribeSpeechView.swift */ = {isa = PBXFileReference; lastKnownFileType = sourcecode.swift; path = TranscribeSpeechView.swift; sourceTree = "<group>"; };
		B069AA0325C23877006E87E6 /* Assets.xcassets */ = {isa = PBXFileReference; lastKnownFileType = folder.assetcatalog; path = Assets.xcassets; sourceTree = "<group>"; };
		B069AA0625C23877006E87E6 /* Preview Assets.xcassets */ = {isa = PBXFileReference; lastKnownFileType = folder.assetcatalog; path = "Preview Assets.xcassets"; sourceTree = "<group>"; };
		B069AA0825C23877006E87E6 /* Info.plist */ = {isa = PBXFileReference; lastKnownFileType = text.plist.xml; path = Info.plist; sourceTree = "<group>"; };
		B069AA1025C245BE006E87E6 /* Constants.swift */ = {isa = PBXFileReference; lastKnownFileType = sourcecode.swift; path = Constants.swift; sourceTree = "<group>"; };
		B08B255025C3A4600062C914 /* GoogleService-Info.plist */ = {isa = PBXFileReference; fileEncoding = 4; lastKnownFileType = text.plist.xml; path = "GoogleService-Info.plist"; sourceTree = "<group>"; };
		B09182E125C2F7230040F55B /* NetworkManager.swift */ = {isa = PBXFileReference; lastKnownFileType = sourcecode.swift; path = NetworkManager.swift; sourceTree = "<group>"; };
		B0D7166725C39932005987BF /* Alamofire.framework */ = {isa = PBXFileReference; explicitFileType = wrapper.framework; path = Alamofire.framework; sourceTree = BUILT_PRODUCTS_DIR; };
/* End PBXFileReference section */

/* Begin PBXFrameworksBuildPhase section */
		B069A9F925C23877006E87E6 /* Frameworks */ = {
			isa = PBXFrameworksBuildPhase;
			buildActionMask = 2147483647;
			files = (
				B0D7166825C39932005987BF /* Alamofire.framework in Frameworks */,
				9428A624CA3F790C82F2C498 /* Pods_transcribeMe.framework in Frameworks */,
			);
			runOnlyForDeploymentPostprocessing = 0;
		};
/* End PBXFrameworksBuildPhase section */

/* Begin PBXGroup section */
		B014A42225C2CA9300018D6F /* Models */ = {
			isa = PBXGroup;
			children = (
				B014A41F25C2CA6400018D6F /* Transcription.swift */,
			);
			path = Models;
			sourceTree = "<group>";
		};
		B014A42425C2CA9700018D6F /* Views */ = {
			isa = PBXGroup;
			children = (
				B069AA0125C23877006E87E6 /* TranscribeSpeechView.swift */,
				B014A42F25C2DB1300018D6F /* TranscribedTextView.swift */,
				B014A43525C2DE3D00018D6F /* RecordButton.swift */,
				B00E682D25C44FA2009177AF /* PlayButton.swift */,
				B00E683125C456DE009177AF /* LoadingView.swift */,
			);
			path = Views;
			sourceTree = "<group>";
		};
		B014A42625C2CA9A00018D6F /* Helpers */ = {
			isa = PBXGroup;
			children = (
				B069AA1025C245BE006E87E6 /* Constants.swift */,
				B00E683525C45A3B009177AF /* AlertItem.swift */,
				B00E683825C45CE8009177AF /* AlertContext.swift */,
			);
			path = Helpers;
			sourceTree = "<group>";
		};
		B069A9F325C23877006E87E6 = {
			isa = PBXGroup;
			children = (
				B069A9FE25C23877006E87E6 /* transcribeMe */,
				B069A9FD25C23877006E87E6 /* Products */,
				D689BAC11D2A01235BA9BFE1 /* Pods */,
				B242A464131EC71F6A8C7F61 /* Frameworks */,
			);
			sourceTree = "<group>";
		};
		B069A9FD25C23877006E87E6 /* Products */ = {
			isa = PBXGroup;
			children = (
				B069A9FC25C23877006E87E6 /* transcribeMe.app */,
			);
			name = Products;
			sourceTree = "<group>";
		};
		B069A9FE25C23877006E87E6 /* transcribeMe */ = {
			isa = PBXGroup;
			children = (
				B069AA0825C23877006E87E6 /* Info.plist */,
				B08B255025C3A4600062C914 /* GoogleService-Info.plist */,
				B069A9FF25C23877006E87E6 /* transcribeMeApp.swift */,
				B069AA0325C23877006E87E6 /* Assets.xcassets */,
				B014A42625C2CA9A00018D6F /* Helpers */,
				B09182E425C2F76C0040F55B /* Managers */,
				B014A42225C2CA9300018D6F /* Models */,
				B069AA0525C23877006E87E6 /* Preview Content */,
				B09182D925C2E7590040F55B /* ViewModel */,
				B014A42425C2CA9700018D6F /* Views */,
			);
			path = transcribeMe;
			sourceTree = "<group>";
		};
		B069AA0525C23877006E87E6 /* Preview Content */ = {
			isa = PBXGroup;
			children = (
				B069AA0625C23877006E87E6 /* Preview Assets.xcassets */,
			);
			path = "Preview Content";
			sourceTree = "<group>";
		};
		B09182D925C2E7590040F55B /* ViewModel */ = {
			isa = PBXGroup;
			children = (
				B014A43225C2DBB300018D6F /* TranscribeViewModel.swift */,
			);
			path = ViewModel;
			sourceTree = "<group>";
		};
		B09182E425C2F76C0040F55B /* Managers */ = {
			isa = PBXGroup;
			children = (
				B09182E125C2F7230040F55B /* NetworkManager.swift */,
			);
			path = Managers;
			sourceTree = "<group>";
		};
		B242A464131EC71F6A8C7F61 /* Frameworks */ = {
			isa = PBXGroup;
			children = (
				B0D7166725C39932005987BF /* Alamofire.framework */,
				05B24D78A10D440D7E4ABEE5 /* Pods_transcribeMe.framework */,
			);
			name = Frameworks;
			sourceTree = "<group>";
		};
		D689BAC11D2A01235BA9BFE1 /* Pods */ = {
			isa = PBXGroup;
			children = (
				A20280B46A425E34F7C31D9F /* Pods-transcribeMe.debug.xcconfig */,
				74B9AC54D307305EEC94B9CD /* Pods-transcribeMe.release.xcconfig */,
			);
			path = Pods;
			sourceTree = "<group>";
		};
/* End PBXGroup section */

/* Begin PBXNativeTarget section */
		B069A9FB25C23877006E87E6 /* transcribeMe */ = {
			isa = PBXNativeTarget;
			buildConfigurationList = B069AA0B25C23877006E87E6 /* Build configuration list for PBXNativeTarget "transcribeMe" */;
			buildPhases = (
				49B5E55DF47E6837B0844E35 /* [CP] Check Pods Manifest.lock */,
				B069A9F825C23877006E87E6 /* Sources */,
				B069A9F925C23877006E87E6 /* Frameworks */,
				B069A9FA25C23877006E87E6 /* Resources */,
				BA860B6F1F03AFB8E85567CD /* [CP] Embed Pods Frameworks */,
			);
			buildRules = (
			);
			dependencies = (
			);
			name = transcribeMe;
			productName = transcribeMe;
			productReference = B069A9FC25C23877006E87E6 /* transcribeMe.app */;
			productType = "com.apple.product-type.application";
		};
/* End PBXNativeTarget section */

/* Begin PBXProject section */
		B069A9F425C23877006E87E6 /* Project object */ = {
			isa = PBXProject;
			attributes = {
				LastSwiftUpdateCheck = 1240;
				LastUpgradeCheck = 1240;
				TargetAttributes = {
					B069A9FB25C23877006E87E6 = {
						CreatedOnToolsVersion = 12.4;
					};
				};
			};
			buildConfigurationList = B069A9F725C23877006E87E6 /* Build configuration list for PBXProject "transcribeMe" */;
			compatibilityVersion = "Xcode 9.3";
			developmentRegion = en;
			hasScannedForEncodings = 0;
			knownRegions = (
				en,
				Base,
			);
			mainGroup = B069A9F325C23877006E87E6;
			productRefGroup = B069A9FD25C23877006E87E6 /* Products */;
			projectDirPath = "";
			projectRoot = "";
			targets = (
				B069A9FB25C23877006E87E6 /* transcribeMe */,
			);
		};
/* End PBXProject section */

/* Begin PBXResourcesBuildPhase section */
		B069A9FA25C23877006E87E6 /* Resources */ = {
			isa = PBXResourcesBuildPhase;
			buildActionMask = 2147483647;
			files = (
				B069AA0725C23877006E87E6 /* Preview Assets.xcassets in Resources */,
				B069AA0425C23877006E87E6 /* Assets.xcassets in Resources */,
				B08B255125C3A4610062C914 /* GoogleService-Info.plist in Resources */,
			);
			runOnlyForDeploymentPostprocessing = 0;
		};
/* End PBXResourcesBuildPhase section */

/* Begin PBXShellScriptBuildPhase section */
		49B5E55DF47E6837B0844E35 /* [CP] Check Pods Manifest.lock */ = {
			isa = PBXShellScriptBuildPhase;
			buildActionMask = 2147483647;
			files = (
			);
			inputFileListPaths = (
			);
			inputPaths = (
				"${PODS_PODFILE_DIR_PATH}/Podfile.lock",
				"${PODS_ROOT}/Manifest.lock",
			);
			name = "[CP] Check Pods Manifest.lock";
			outputFileListPaths = (
			);
			outputPaths = (
				"$(DERIVED_FILE_DIR)/Pods-transcribeMe-checkManifestLockResult.txt",
			);
			runOnlyForDeploymentPostprocessing = 0;
			shellPath = /bin/sh;
			shellScript = "diff \"${PODS_PODFILE_DIR_PATH}/Podfile.lock\" \"${PODS_ROOT}/Manifest.lock\" > /dev/null\nif [ $? != 0 ] ; then\n    # print error to STDERR\n    echo \"error: The sandbox is not in sync with the Podfile.lock. Run 'pod install' or update your CocoaPods installation.\" >&2\n    exit 1\nfi\n# This output is used by Xcode 'outputs' to avoid re-running this script phase.\necho \"SUCCESS\" > \"${SCRIPT_OUTPUT_FILE_0}\"\n";
			showEnvVarsInLog = 0;
		};
		BA860B6F1F03AFB8E85567CD /* [CP] Embed Pods Frameworks */ = {
			isa = PBXShellScriptBuildPhase;
			buildActionMask = 2147483647;
			files = (
			);
			inputFileListPaths = (
				"${PODS_ROOT}/Target Support Files/Pods-transcribeMe/Pods-transcribeMe-frameworks-${CONFIGURATION}-input-files.xcfilelist",
			);
			name = "[CP] Embed Pods Frameworks";
			outputFileListPaths = (
				"${PODS_ROOT}/Target Support Files/Pods-transcribeMe/Pods-transcribeMe-frameworks-${CONFIGURATION}-output-files.xcfilelist",
			);
			runOnlyForDeploymentPostprocessing = 0;
			shellPath = /bin/sh;
			shellScript = "\"${PODS_ROOT}/Target Support Files/Pods-transcribeMe/Pods-transcribeMe-frameworks.sh\"\n";
			showEnvVarsInLog = 0;
		};
/* End PBXShellScriptBuildPhase section */

/* Begin PBXSourcesBuildPhase section */
		B069A9F825C23877006E87E6 /* Sources */ = {
			isa = PBXSourcesBuildPhase;
			buildActionMask = 2147483647;
			files = (
				B00E683625C45A3B009177AF /* AlertItem.swift in Sources */,
				B014A43025C2DB1300018D6F /* TranscribedTextView.swift in Sources */,
				B00E683925C45CE8009177AF /* AlertContext.swift in Sources */,
				B069AA0225C23877006E87E6 /* TranscribeSpeechView.swift in Sources */,
				B00E682E25C44FA2009177AF /* PlayButton.swift in Sources */,
				B00E683225C456DE009177AF /* LoadingView.swift in Sources */,
				B069AA0025C23877006E87E6 /* transcribeMeApp.swift in Sources */,
				B014A43625C2DE3D00018D6F /* RecordButton.swift in Sources */,
				B09182E225C2F7230040F55B /* NetworkManager.swift in Sources */,
				B014A42025C2CA6400018D6F /* Transcription.swift in Sources */,
				B069AA1125C245BE006E87E6 /* Constants.swift in Sources */,
				B014A43325C2DBB300018D6F /* TranscribeViewModel.swift in Sources */,
			);
			runOnlyForDeploymentPostprocessing = 0;
		};
/* End PBXSourcesBuildPhase section */

/* Begin XCBuildConfiguration section */
		B069AA0925C23877006E87E6 /* Debug */ = {
			isa = XCBuildConfiguration;
			buildSettings = {
				ALWAYS_SEARCH_USER_PATHS = NO;
				CLANG_ANALYZER_NONNULL = YES;
				CLANG_ANALYZER_NUMBER_OBJECT_CONVERSION = YES_AGGRESSIVE;
				CLANG_CXX_LANGUAGE_STANDARD = "gnu++14";
				CLANG_CXX_LIBRARY = "libc++";
				CLANG_ENABLE_MODULES = YES;
				CLANG_ENABLE_OBJC_ARC = YES;
				CLANG_ENABLE_OBJC_WEAK = YES;
				CLANG_WARN_BLOCK_CAPTURE_AUTORELEASING = YES;
				CLANG_WARN_BOOL_CONVERSION = YES;
				CLANG_WARN_COMMA = YES;
				CLANG_WARN_CONSTANT_CONVERSION = YES;
				CLANG_WARN_DEPRECATED_OBJC_IMPLEMENTATIONS = YES;
				CLANG_WARN_DIRECT_OBJC_ISA_USAGE = YES_ERROR;
				CLANG_WARN_DOCUMENTATION_COMMENTS = YES;
				CLANG_WARN_EMPTY_BODY = YES;
				CLANG_WARN_ENUM_CONVERSION = YES;
				CLANG_WARN_INFINITE_RECURSION = YES;
				CLANG_WARN_INT_CONVERSION = YES;
				CLANG_WARN_NON_LITERAL_NULL_CONVERSION = YES;
				CLANG_WARN_OBJC_IMPLICIT_RETAIN_SELF = YES;
				CLANG_WARN_OBJC_LITERAL_CONVERSION = YES;
				CLANG_WARN_OBJC_ROOT_CLASS = YES_ERROR;
				CLANG_WARN_QUOTED_INCLUDE_IN_FRAMEWORK_HEADER = YES;
				CLANG_WARN_RANGE_LOOP_ANALYSIS = YES;
				CLANG_WARN_STRICT_PROTOTYPES = YES;
				CLANG_WARN_SUSPICIOUS_MOVE = YES;
				CLANG_WARN_UNGUARDED_AVAILABILITY = YES_AGGRESSIVE;
				CLANG_WARN_UNREACHABLE_CODE = YES;
				CLANG_WARN__DUPLICATE_METHOD_MATCH = YES;
				COPY_PHASE_STRIP = NO;
				DEBUG_INFORMATION_FORMAT = dwarf;
				ENABLE_STRICT_OBJC_MSGSEND = YES;
				ENABLE_TESTABILITY = YES;
				GCC_C_LANGUAGE_STANDARD = gnu11;
				GCC_DYNAMIC_NO_PIC = NO;
				GCC_NO_COMMON_BLOCKS = YES;
				GCC_OPTIMIZATION_LEVEL = 0;
				GCC_PREPROCESSOR_DEFINITIONS = (
					"DEBUG=1",
					"$(inherited)",
				);
				GCC_WARN_64_TO_32_BIT_CONVERSION = YES;
				GCC_WARN_ABOUT_RETURN_TYPE = YES_ERROR;
				GCC_WARN_UNDECLARED_SELECTOR = YES;
				GCC_WARN_UNINITIALIZED_AUTOS = YES_AGGRESSIVE;
				GCC_WARN_UNUSED_FUNCTION = YES;
				GCC_WARN_UNUSED_VARIABLE = YES;
				IPHONEOS_DEPLOYMENT_TARGET = 14.4;
				MTL_ENABLE_DEBUG_INFO = INCLUDE_SOURCE;
				MTL_FAST_MATH = YES;
				ONLY_ACTIVE_ARCH = YES;
				SDKROOT = iphoneos;
				SWIFT_ACTIVE_COMPILATION_CONDITIONS = DEBUG;
				SWIFT_OPTIMIZATION_LEVEL = "-Onone";
			};
			name = Debug;
		};
		B069AA0A25C23877006E87E6 /* Release */ = {
			isa = XCBuildConfiguration;
			buildSettings = {
				ALWAYS_SEARCH_USER_PATHS = NO;
				CLANG_ANALYZER_NONNULL = YES;
				CLANG_ANALYZER_NUMBER_OBJECT_CONVERSION = YES_AGGRESSIVE;
				CLANG_CXX_LANGUAGE_STANDARD = "gnu++14";
				CLANG_CXX_LIBRARY = "libc++";
				CLANG_ENABLE_MODULES = YES;
				CLANG_ENABLE_OBJC_ARC = YES;
				CLANG_ENABLE_OBJC_WEAK = YES;
				CLANG_WARN_BLOCK_CAPTURE_AUTORELEASING = YES;
				CLANG_WARN_BOOL_CONVERSION = YES;
				CLANG_WARN_COMMA = YES;
				CLANG_WARN_CONSTANT_CONVERSION = YES;
				CLANG_WARN_DEPRECATED_OBJC_IMPLEMENTATIONS = YES;
				CLANG_WARN_DIRECT_OBJC_ISA_USAGE = YES_ERROR;
				CLANG_WARN_DOCUMENTATION_COMMENTS = YES;
				CLANG_WARN_EMPTY_BODY = YES;
				CLANG_WARN_ENUM_CONVERSION = YES;
				CLANG_WARN_INFINITE_RECURSION = YES;
				CLANG_WARN_INT_CONVERSION = YES;
				CLANG_WARN_NON_LITERAL_NULL_CONVERSION = YES;
				CLANG_WARN_OBJC_IMPLICIT_RETAIN_SELF = YES;
				CLANG_WARN_OBJC_LITERAL_CONVERSION = YES;
				CLANG_WARN_OBJC_ROOT_CLASS = YES_ERROR;
				CLANG_WARN_QUOTED_INCLUDE_IN_FRAMEWORK_HEADER = YES;
				CLANG_WARN_RANGE_LOOP_ANALYSIS = YES;
				CLANG_WARN_STRICT_PROTOTYPES = YES;
				CLANG_WARN_SUSPICIOUS_MOVE = YES;
				CLANG_WARN_UNGUARDED_AVAILABILITY = YES_AGGRESSIVE;
				CLANG_WARN_UNREACHABLE_CODE = YES;
				CLANG_WARN__DUPLICATE_METHOD_MATCH = YES;
				COPY_PHASE_STRIP = NO;
				DEBUG_INFORMATION_FORMAT = "dwarf-with-dsym";
				ENABLE_NS_ASSERTIONS = NO;
				ENABLE_STRICT_OBJC_MSGSEND = YES;
				GCC_C_LANGUAGE_STANDARD = gnu11;
				GCC_NO_COMMON_BLOCKS = YES;
				GCC_WARN_64_TO_32_BIT_CONVERSION = YES;
				GCC_WARN_ABOUT_RETURN_TYPE = YES_ERROR;
				GCC_WARN_UNDECLARED_SELECTOR = YES;
				GCC_WARN_UNINITIALIZED_AUTOS = YES_AGGRESSIVE;
				GCC_WARN_UNUSED_FUNCTION = YES;
				GCC_WARN_UNUSED_VARIABLE = YES;
				IPHONEOS_DEPLOYMENT_TARGET = 14.4;
				MTL_ENABLE_DEBUG_INFO = NO;
				MTL_FAST_MATH = YES;
				SDKROOT = iphoneos;
				SWIFT_COMPILATION_MODE = wholemodule;
				SWIFT_OPTIMIZATION_LEVEL = "-O";
				VALIDATE_PRODUCT = YES;
			};
			name = Release;
		};
		B069AA0C25C23877006E87E6 /* Debug */ = {
			isa = XCBuildConfiguration;
			baseConfigurationReference = A20280B46A425E34F7C31D9F /* Pods-transcribeMe.debug.xcconfig */;
			buildSettings = {
				ASSETCATALOG_COMPILER_APPICON_NAME = AppIcon;
				ASSETCATALOG_COMPILER_GLOBAL_ACCENT_COLOR_NAME = AccentColor;
				CODE_SIGN_STYLE = Automatic;
				DEVELOPMENT_ASSET_PATHS = "\"transcribeMe/Preview Content\"";
				DEVELOPMENT_TEAM = 36944476TL;
				ENABLE_PREVIEWS = YES;
				INFOPLIST_FILE = transcribeMe/Info.plist;
				IPHONEOS_DEPLOYMENT_TARGET = 14.0;
				LD_RUNPATH_SEARCH_PATHS = (
					"$(inherited)",
					"@executable_path/Frameworks",
				);
				PRODUCT_BUNDLE_IDENTIFIER = peepteam.transcribeMe;
				PRODUCT_NAME = "$(TARGET_NAME)";
				SWIFT_VERSION = 5.0;
				TARGETED_DEVICE_FAMILY = "1,2";
			};
			name = Debug;
		};
		B069AA0D25C23877006E87E6 /* Release */ = {
			isa = XCBuildConfiguration;
			baseConfigurationReference = 74B9AC54D307305EEC94B9CD /* Pods-transcribeMe.release.xcconfig */;
			buildSettings = {
				ASSETCATALOG_COMPILER_APPICON_NAME = AppIcon;
				ASSETCATALOG_COMPILER_GLOBAL_ACCENT_COLOR_NAME = AccentColor;
				CODE_SIGN_STYLE = Automatic;
				DEVELOPMENT_ASSET_PATHS = "\"transcribeMe/Preview Content\"";
				DEVELOPMENT_TEAM = 36944476TL;
				ENABLE_PREVIEWS = YES;
				INFOPLIST_FILE = transcribeMe/Info.plist;
				IPHONEOS_DEPLOYMENT_TARGET = 14.0;
				LD_RUNPATH_SEARCH_PATHS = (
					"$(inherited)",
					"@executable_path/Frameworks",
				);
				PRODUCT_BUNDLE_IDENTIFIER = peepteam.transcribeMe;
				PRODUCT_NAME = "$(TARGET_NAME)";
				SWIFT_VERSION = 5.0;
				TARGETED_DEVICE_FAMILY = "1,2";
			};
			name = Release;
		};
/* End XCBuildConfiguration section */

/* Begin XCConfigurationList section */
		B069A9F725C23877006E87E6 /* Build configuration list for PBXProject "transcribeMe" */ = {
			isa = XCConfigurationList;
			buildConfigurations = (
				B069AA0925C23877006E87E6 /* Debug */,
				B069AA0A25C23877006E87E6 /* Release */,
			);
			defaultConfigurationIsVisible = 0;
			defaultConfigurationName = Release;
		};
		B069AA0B25C23877006E87E6 /* Build configuration list for PBXNativeTarget "transcribeMe" */ = {
			isa = XCConfigurationList;
			buildConfigurations = (
				B069AA0C25C23877006E87E6 /* Debug */,
				B069AA0D25C23877006E87E6 /* Release */,
			);
			defaultConfigurationIsVisible = 0;
			defaultConfigurationName = Release;
		};
/* End XCConfigurationList section */
	};
	rootObject = B069A9F425C23877006E87E6 /* Project object */;
}
